
Microsoft Visual Studio Solution File, Format Version 11.00
# Visual Studio 2010
Project("{FAE04EC0-301F-11D3-BF4B-00C04F79EFBC}") = "ReplaceKeyValue", "ReplaceKeyValue\ReplaceKeyValue.csproj", "{EDB7C05F-58A5-43BC-9301-FBAF1DD1A63F}"
EndProject
Global
	GlobalSection(SolutionConfigurationPlatforms) = preSolution
		Debug|x86 = Debug|x86
		Release|x86 = Release|x86
	EndGlobalSection
	GlobalSection(ProjectConfigurationPlatforms) = postSolution
		{EDB7C05F-58A5-43BC-9301-FBAF1DD1A63F}.Debug|x86.ActiveCfg = Debug|x86
		{EDB7C05F-58A5-43BC-9301-FBAF1DD1A63F}.Debug|x86.Build.0 = Debug|x86
		{EDB7C05F-58A5-43BC-9301-FBAF1DD1A63F}.Release|x86.ActiveCfg = Release|x86
		{EDB7C05F-58A5-43BC-9301-FBAF1DD1A63F}.Release|x86.Build.0 = Release|x86
	EndGlobalSection
	GlobalSection(SolutionProperties) = preSolution
		HideSolutionNode = FALSE
	EndGlobalSection
EndGlobal
